
Microsoft Visual Studio Solution File, Format Version 12.00
# Visual Studio Version 17
VisualStudioVersion = 17.3.32901.215
MinimumVisualStudioVersion = 10.0.40219.1
Project("{FAE04EC0-301F-11D3-BF4B-00C04F79EFBC}") = "SimsAPI", "SimsAPI\SimsAPI.csproj", "{708FB18B-C988-4511-9635-4243784BF612}"
EndProject
Global
	GlobalSection(SolutionConfigurationPlatforms) = preSolution
		Debug|Any CPU = Debug|Any CPU
		Release|Any CPU = Release|Any CPU
	EndGlobalSection
	GlobalSection(ProjectConfigurationPlatforms) = postSolution
		{708FB18B-C988-4511-9635-4243784BF612}.Debug|Any CPU.ActiveCfg = Debug|Any CPU
		{708FB18B-C988-4511-9635-4243784BF612}.Debug|Any CPU.Build.0 = Debug|Any CPU
		{708FB18B-C988-4511-9635-4243784BF612}.Release|Any CPU.ActiveCfg = Release|Any CPU
		{708FB18B-C988-4511-9635-4243784BF612}.Release|Any CPU.Build.0 = Release|Any CPU
	EndGlobalSection
	GlobalSection(SolutionProperties) = preSolution
		HideSolutionNode = FALSE
	EndGlobalSection
	GlobalSection(ExtensibilityGlobals) = postSolution
		SolutionGuid = {054A2EF5-B17B-4EDC-8A2C-E95A3FFBC830}
	EndGlobalSection
EndGlobal
